{
  "requires": true,
  "lockfileVersion": 1,
  "dependencies": {
    "multiselect-dropdown-react": {
      "version": "1.0.5",
      "resolved": "https://registry.npmjs.org/multiselect-dropdown-react/-/multiselect-dropdown-react-1.0.5.tgz",
      "integrity": "sha512-dM9JvhxTV30LN3tC1BgAKqyEGHrZFp/3lMYclR0OhxyRVd8tv1e1beq2mD464OhEbvFVhCrD1HDY1WFd0esynA=="
    }
  }
}
